
Microsoft Visual Studio Solution File, Format Version 12.00
# Visual Studio 15
VisualStudioVersion = 15.0.26730.16
MinimumVisualStudioVersion = 10.0.40219.1
Project("{8BC9CEB8-8B4A-11D0-8D11-00A0C91BC942}") = "CalcWithCppLIb", "CalcWithCppLIb\CalcWithCppLIb.vcxproj", "{0243CCDF-F49C-4E55-9A0A-CE84AD760794}"
EndProject
Global
	GlobalSection(SolutionConfigurationPlatforms) = preSolution
		Debug|x64 = Debug|x64
		Debug|x86 = Debug|x86
		Release|x64 = Release|x64
		Release|x86 = Release|x86
	EndGlobalSection
	GlobalSection(ProjectConfigurationPlatforms) = postSolution
		{0243CCDF-F49C-4E55-9A0A-CE84AD760794}.Debug|x64.ActiveCfg = Debug|x64
		{0243CCDF-F49C-4E55-9A0A-CE84AD760794}.Debug|x64.Build.0 = Debug|x64
		{0243CCDF-F49C-4E55-9A0A-CE84AD760794}.Debug|x86.ActiveCfg = Debug|Win32
		{0243CCDF-F49C-4E55-9A0A-CE84AD760794}.Debug|x86.Build.0 = Debug|Win32
		{0243CCDF-F49C-4E55-9A0A-CE84AD760794}.Release|x64.ActiveCfg = Release|x64
		{0243CCDF-F49C-4E55-9A0A-CE84AD760794}.Release|x64.Build.0 = Release|x64
		{0243CCDF-F49C-4E55-9A0A-CE84AD760794}.Release|x86.ActiveCfg = Release|Win32
		{0243CCDF-F49C-4E55-9A0A-CE84AD760794}.Release|x86.Build.0 = Release|Win32
	EndGlobalSection
	GlobalSection(SolutionProperties) = preSolution
		HideSolutionNode = FALSE
	EndGlobalSection
	GlobalSection(ExtensibilityGlobals) = postSolution
		SolutionGuid = {6D23F974-77F3-4D68-864E-2A48F157A06B}
	EndGlobalSection
EndGlobal
