
Microsoft Visual Studio Solution File, Format Version 12.00
# Visual Studio 15
VisualStudioVersion = 15.0.26730.16
MinimumVisualStudioVersion = 10.0.40219.1
Project("{8BC9CEB8-8B4A-11D0-8D11-00A0C91BC942}") = "CalcCppLIb", "CalcWithCppLIb\CalcWithCppLIb.vcxproj", "{0243CCDF-F49C-4E55-9A0A-CE84AD760794}"
EndProject
Project("{FAE04EC0-301F-11D3-BF4B-00C04F79EFBC}") = "CalcUsingExtern", "CalcUsingExtern\CalcUsingExtern.csproj", "{85EC9AC6-679F-4641-B2D5-60BAE07FA12B}"
EndProject
Global
	GlobalSection(SolutionConfigurationPlatforms) = preSolution
		Debug|Any CPU = Debug|Any CPU
		Debug|x64 = Debug|x64
		Debug|x86 = Debug|x86
		Release|Any CPU = Release|Any CPU
		Release|x64 = Release|x64
		Release|x86 = Release|x86
	EndGlobalSection
	GlobalSection(ProjectConfigurationPlatforms) = postSolution
		{0243CCDF-F49C-4E55-9A0A-CE84AD760794}.Debug|Any CPU.ActiveCfg = Debug|Win32
		{0243CCDF-F49C-4E55-9A0A-CE84AD760794}.Debug|x64.ActiveCfg = Debug|x64
		{0243CCDF-F49C-4E55-9A0A-CE84AD760794}.Debug|x64.Build.0 = Debug|x64
		{0243CCDF-F49C-4E55-9A0A-CE84AD760794}.Debug|x86.ActiveCfg = Debug|Win32
		{0243CCDF-F49C-4E55-9A0A-CE84AD760794}.Debug|x86.Build.0 = Debug|Win32
		{0243CCDF-F49C-4E55-9A0A-CE84AD760794}.Release|Any CPU.ActiveCfg = Release|Win32
		{0243CCDF-F49C-4E55-9A0A-CE84AD760794}.Release|x64.ActiveCfg = Release|x64
		{0243CCDF-F49C-4E55-9A0A-CE84AD760794}.Release|x64.Build.0 = Release|x64
		{0243CCDF-F49C-4E55-9A0A-CE84AD760794}.Release|x86.ActiveCfg = Release|Win32
		{0243CCDF-F49C-4E55-9A0A-CE84AD760794}.Release|x86.Build.0 = Release|Win32
		{85EC9AC6-679F-4641-B2D5-60BAE07FA12B}.Debug|Any CPU.ActiveCfg = Debug|Any CPU
		{85EC9AC6-679F-4641-B2D5-60BAE07FA12B}.Debug|Any CPU.Build.0 = Debug|Any CPU
		{85EC9AC6-679F-4641-B2D5-60BAE07FA12B}.Debug|x64.ActiveCfg = Debug|Any CPU
		{85EC9AC6-679F-4641-B2D5-60BAE07FA12B}.Debug|x64.Build.0 = Debug|Any CPU
		{85EC9AC6-679F-4641-B2D5-60BAE07FA12B}.Debug|x86.ActiveCfg = Debug|Any CPU
		{85EC9AC6-679F-4641-B2D5-60BAE07FA12B}.Debug|x86.Build.0 = Debug|Any CPU
		{85EC9AC6-679F-4641-B2D5-60BAE07FA12B}.Release|Any CPU.ActiveCfg = Release|Any CPU
		{85EC9AC6-679F-4641-B2D5-60BAE07FA12B}.Release|Any CPU.Build.0 = Release|Any CPU
		{85EC9AC6-679F-4641-B2D5-60BAE07FA12B}.Release|x64.ActiveCfg = Release|Any CPU
		{85EC9AC6-679F-4641-B2D5-60BAE07FA12B}.Release|x64.Build.0 = Release|Any CPU
		{85EC9AC6-679F-4641-B2D5-60BAE07FA12B}.Release|x86.ActiveCfg = Release|Any CPU
		{85EC9AC6-679F-4641-B2D5-60BAE07FA12B}.Release|x86.Build.0 = Release|Any CPU
	EndGlobalSection
	GlobalSection(SolutionProperties) = preSolution
		HideSolutionNode = FALSE
	EndGlobalSection
	GlobalSection(ExtensibilityGlobals) = postSolution
		SolutionGuid = {6D23F974-77F3-4D68-864E-2A48F157A06B}
	EndGlobalSection
EndGlobal
